
Microsoft Visual Studio Solution File, Format Version 12.00
# Visual Studio Version 17
VisualStudioVersion = 17.7.33913.275
MinimumVisualStudioVersion = 10.0.40219.1
Project("{FAE04EC0-301F-11D3-BF4B-00C04F79EFBC}") = "IMDBWebService", "IMDBWebService\IMDBWebService.csproj", "{D56C42C1-8A75-4F60-8CE3-B172C3865F5B}"
EndProject
Global
	GlobalSection(SolutionConfigurationPlatforms) = preSolution
		Debug|Any CPU = Debug|Any CPU
		Release|Any CPU = Release|Any CPU
	EndGlobalSection
	GlobalSection(ProjectConfigurationPlatforms) = postSolution
		{D56C42C1-8A75-4F60-8CE3-B172C3865F5B}.Debug|Any CPU.ActiveCfg = Debug|Any CPU
		{D56C42C1-8A75-4F60-8CE3-B172C3865F5B}.Debug|Any CPU.Build.0 = Debug|Any CPU
		{D56C42C1-8A75-4F60-8CE3-B172C3865F5B}.Release|Any CPU.ActiveCfg = Release|Any CPU
		{D56C42C1-8A75-4F60-8CE3-B172C3865F5B}.Release|Any CPU.Build.0 = Release|Any CPU
	EndGlobalSection
	GlobalSection(SolutionProperties) = preSolution
		HideSolutionNode = FALSE
	EndGlobalSection
	GlobalSection(ExtensibilityGlobals) = postSolution
		SolutionGuid = {1FC3000D-FC3B-461E-92A8-2EEA7EECF379}
	EndGlobalSection
EndGlobal
